// !$*UTF8*$!
{
	archiveVersion = 1;
	classes = {
	};
	objectVersion = 46;
	objects = {

/* Begin PBXBuildFile section */
		487A42603799E2F9AC261E74 /* AppState.swift in Sources */ = {isa = PBXBuildFile; fileRef = 487A49183E506D24DF83F3F7 /* AppState.swift */; };
		487A4A8E1A69D12DBF529664 /* AppReducer.swift in Sources */ = {isa = PBXBuildFile; fileRef = 487A478D038053F823807284 /* AppReducer.swift */; };
		8118DBA91EF5004200934BA4 /* ReSwift.framework in Frameworks */ = {isa = PBXBuildFile; fileRef = 8118DBA81EF5004200934BA4 /* ReSwift.framework */; };
		8118DBAA1EF5004200934BA4 /* ReSwift.framework in Embed Frameworks */ = {isa = PBXBuildFile; fileRef = 8118DBA81EF5004200934BA4 /* ReSwift.framework */; settings = {ATTRIBUTES = (CodeSignOnCopy, RemoveHeadersOnCopy, ); }; };
		8118DBAC1EF504F800934BA4 /* AppAction.swift in Sources */ = {isa = PBXBuildFile; fileRef = 8118DBAB1EF504F800934BA4 /* AppAction.swift */; };
		8118DBAE1EF50DF100934BA4 /* StoryListViewController.swift in Sources */ = {isa = PBXBuildFile; fileRef = 8118DBAD1EF50DF100934BA4 /* StoryListViewController.swift */; };
		8118DBB01EF5133600934BA4 /* StoryListView.swift in Sources */ = {isa = PBXBuildFile; fileRef = 8118DBAF1EF5133600934BA4 /* StoryListView.swift */; };
		812126771EC7088D00A4B61F /* Api.swift in Sources */ = {isa = PBXBuildFile; fileRef = 812126761EC7088D00A4B61F /* Api.swift */; };
		812126831EC8039000A4B61F /* Alamofire.framework in Frameworks */ = {isa = PBXBuildFile; fileRef = 812126781EC70EE700A4B61F /* Alamofire.framework */; };
		812126841EC8039000A4B61F /* Alamofire.framework in Embed Frameworks */ = {isa = PBXBuildFile; fileRef = 812126781EC70EE700A4B61F /* Alamofire.framework */; settings = {ATTRIBUTES = (CodeSignOnCopy, RemoveHeadersOnCopy, ); }; };
		812126851EC8039000A4B61F /* AlamofireObjectMapper.framework in Frameworks */ = {isa = PBXBuildFile; fileRef = 812126791EC70EE700A4B61F /* AlamofireObjectMapper.framework */; };
		812126861EC8039000A4B61F /* AlamofireObjectMapper.framework in Embed Frameworks */ = {isa = PBXBuildFile; fileRef = 812126791EC70EE700A4B61F /* AlamofireObjectMapper.framework */; settings = {ATTRIBUTES = (CodeSignOnCopy, RemoveHeadersOnCopy, ); }; };
		812126871EC8039000A4B61F /* ObjectMapper.framework in Frameworks */ = {isa = PBXBuildFile; fileRef = 812126731EC7081800A4B61F /* ObjectMapper.framework */; };
		812126881EC8039000A4B61F /* ObjectMapper.framework in Embed Frameworks */ = {isa = PBXBuildFile; fileRef = 812126731EC7081800A4B61F /* ObjectMapper.framework */; settings = {ATTRIBUTES = (CodeSignOnCopy, RemoveHeadersOnCopy, ); }; };
		815B42781EC6ED8C00487C99 /* AppDelegate.swift in Sources */ = {isa = PBXBuildFile; fileRef = 815B42771EC6ED8C00487C99 /* AppDelegate.swift */; };
		815B427F1EC6ED8C00487C99 /* Assets.xcassets in Resources */ = {isa = PBXBuildFile; fileRef = 815B427E1EC6ED8C00487C99 /* Assets.xcassets */; };
		81DA7A921EEC067400118D04 /* AsyncDisplayKit.framework in Frameworks */ = {isa = PBXBuildFile; fileRef = 81DA7A901EEC066B00118D04 /* AsyncDisplayKit.framework */; };
		81DA7A931EEC067400118D04 /* AsyncDisplayKit.framework in Embed Frameworks */ = {isa = PBXBuildFile; fileRef = 81DA7A901EEC066B00118D04 /* AsyncDisplayKit.framework */; settings = {ATTRIBUTES = (CodeSignOnCopy, RemoveHeadersOnCopy, ); }; };
/* End PBXBuildFile section */

/* Begin PBXCopyFilesBuildPhase section */
		812126891EC8039000A4B61F /* Embed Frameworks */ = {
			isa = PBXCopyFilesBuildPhase;
			buildActionMask = 2147483647;
			dstPath = "";
			dstSubfolderSpec = 10;
			files = (
				812126881EC8039000A4B61F /* ObjectMapper.framework in Embed Frameworks */,
				81DA7A931EEC067400118D04 /* AsyncDisplayKit.framework in Embed Frameworks */,
				812126841EC8039000A4B61F /* Alamofire.framework in Embed Frameworks */,
				8118DBAA1EF5004200934BA4 /* ReSwift.framework in Embed Frameworks */,
				812126861EC8039000A4B61F /* AlamofireObjectMapper.framework in Embed Frameworks */,
			);
			name = "Embed Frameworks";
			runOnlyForDeploymentPostprocessing = 0;
		};
/* End PBXCopyFilesBuildPhase section */

/* Begin PBXFileReference section */
		487A478D038053F823807284 /* AppReducer.swift */ = {isa = PBXFileReference; fileEncoding = 4; lastKnownFileType = sourcecode.swift; path = AppReducer.swift; sourceTree = "<group>"; };
		487A49183E506D24DF83F3F7 /* AppState.swift */ = {isa = PBXFileReference; fileEncoding = 4; lastKnownFileType = sourcecode.swift; path = AppState.swift; sourceTree = "<group>"; };
		8118DBA81EF5004200934BA4 /* ReSwift.framework */ = {isa = PBXFileReference; lastKnownFileType = wrapper.framework; name = ReSwift.framework; path = Carthage/Build/iOS/ReSwift.framework; sourceTree = "<group>"; };
		8118DBAB1EF504F800934BA4 /* AppAction.swift */ = {isa = PBXFileReference; fileEncoding = 4; lastKnownFileType = sourcecode.swift; path = AppAction.swift; sourceTree = "<group>"; };
		8118DBAD1EF50DF100934BA4 /* StoryListViewController.swift */ = {isa = PBXFileReference; fileEncoding = 4; lastKnownFileType = sourcecode.swift; path = StoryListViewController.swift; sourceTree = "<group>"; };
		8118DBAF1EF5133600934BA4 /* StoryListView.swift */ = {isa = PBXFileReference; fileEncoding = 4; lastKnownFileType = sourcecode.swift; path = StoryListView.swift; sourceTree = "<group>"; };
		812126731EC7081800A4B61F /* ObjectMapper.framework */ = {isa = PBXFileReference; lastKnownFileType = wrapper.framework; name = ObjectMapper.framework; path = Carthage/Build/iOS/ObjectMapper.framework; sourceTree = "<group>"; };
		812126761EC7088D00A4B61F /* Api.swift */ = {isa = PBXFileReference; fileEncoding = 4; lastKnownFileType = sourcecode.swift; path = Api.swift; sourceTree = "<group>"; };
		812126781EC70EE700A4B61F /* Alamofire.framework */ = {isa = PBXFileReference; lastKnownFileType = wrapper.framework; name = Alamofire.framework; path = Carthage/Build/iOS/Alamofire.framework; sourceTree = "<group>"; };
		812126791EC70EE700A4B61F /* AlamofireObjectMapper.framework */ = {isa = PBXFileReference; lastKnownFileType = wrapper.framework; name = AlamofireObjectMapper.framework; path = Carthage/Build/iOS/AlamofireObjectMapper.framework; sourceTree = "<group>"; };
		815B42741EC6ED8C00487C99 /* hn.app */ = {isa = PBXFileReference; explicitFileType = wrapper.application; includeInIndex = 0; path = hn.app; sourceTree = BUILT_PRODUCTS_DIR; };
		815B42771EC6ED8C00487C99 /* AppDelegate.swift */ = {isa = PBXFileReference; lastKnownFileType = sourcecode.swift; path = AppDelegate.swift; sourceTree = "<group>"; };
		815B427E1EC6ED8C00487C99 /* Assets.xcassets */ = {isa = PBXFileReference; lastKnownFileType = folder.assetcatalog; path = Assets.xcassets; sourceTree = "<group>"; };
		815B42831EC6ED8C00487C99 /* Info.plist */ = {isa = PBXFileReference; lastKnownFileType = text.plist.xml; path = Info.plist; sourceTree = "<group>"; };
		81DA7A901EEC066B00118D04 /* AsyncDisplayKit.framework */ = {isa = PBXFileReference; lastKnownFileType = wrapper.framework; name = AsyncDisplayKit.framework; path = Carthage/Build/iOS/AsyncDisplayKit.framework; sourceTree = "<group>"; };
/* End PBXFileReference section */

/* Begin PBXFrameworksBuildPhase section */
		815B42711EC6ED8C00487C99 /* Frameworks */ = {
			isa = PBXFrameworksBuildPhase;
			buildActionMask = 2147483647;
			files = (
				812126871EC8039000A4B61F /* ObjectMapper.framework in Frameworks */,
				812126831EC8039000A4B61F /* Alamofire.framework in Frameworks */,
				812126851EC8039000A4B61F /* AlamofireObjectMapper.framework in Frameworks */,
				8118DBA91EF5004200934BA4 /* ReSwift.framework in Frameworks */,
				81DA7A921EEC067400118D04 /* AsyncDisplayKit.framework in Frameworks */,
			);
			runOnlyForDeploymentPostprocessing = 0;
		};
/* End PBXFrameworksBuildPhase section */

/* Begin PBXGroup section */
		812126721EC7081800A4B61F /* Frameworks */ = {
			isa = PBXGroup;
			children = (
				81DA7A901EEC066B00118D04 /* AsyncDisplayKit.framework */,
				812126781EC70EE700A4B61F /* Alamofire.framework */,
				812126791EC70EE700A4B61F /* AlamofireObjectMapper.framework */,
				812126731EC7081800A4B61F /* ObjectMapper.framework */,
			);
			name = Frameworks;
			sourceTree = "<group>";
		};
		815B426B1EC6ED8C00487C99 = {
			isa = PBXGroup;
			children = (
				8118DBA81EF5004200934BA4 /* ReSwift.framework */,
				815B42761EC6ED8C00487C99 /* hn */,
				815B42751EC6ED8C00487C99 /* Products */,
				812126721EC7081800A4B61F /* Frameworks */,
			);
			sourceTree = "<group>";
		};
		815B42751EC6ED8C00487C99 /* Products */ = {
			isa = PBXGroup;
			children = (
				815B42741EC6ED8C00487C99 /* hn.app */,
			);
			name = Products;
			sourceTree = "<group>";
		};
		815B42761EC6ED8C00487C99 /* hn */ = {
			isa = PBXGroup;
			children = (
				815B42771EC6ED8C00487C99 /* AppDelegate.swift */,
				815B427E1EC6ED8C00487C99 /* Assets.xcassets */,
				815B42831EC6ED8C00487C99 /* Info.plist */,
				812126761EC7088D00A4B61F /* Api.swift */,
				487A478D038053F823807284 /* AppReducer.swift */,
				487A49183E506D24DF83F3F7 /* AppState.swift */,
				8118DBAB1EF504F800934BA4 /* AppAction.swift */,
				8118DBAD1EF50DF100934BA4 /* StoryListViewController.swift */,
				8118DBAF1EF5133600934BA4 /* StoryListView.swift */,
			);
			path = hn;
			sourceTree = "<group>";
		};
/* End PBXGroup section */

/* Begin PBXNativeTarget section */
		815B42731EC6ED8C00487C99 /* hn */ = {
			isa = PBXNativeTarget;
			buildConfigurationList = 815B42861EC6ED8C00487C99 /* Build configuration list for PBXNativeTarget "hn" */;
			buildPhases = (
				815B42701EC6ED8C00487C99 /* Sources */,
				815B42711EC6ED8C00487C99 /* Frameworks */,
				815B42721EC6ED8C00487C99 /* Resources */,
				812126751EC7082400A4B61F /* ShellScript */,
				812126891EC8039000A4B61F /* Embed Frameworks */,
			);
			buildRules = (
			);
			dependencies = (
			);
			name = hn;
			productName = hn;
			productReference = 815B42741EC6ED8C00487C99 /* hn.app */;
			productType = "com.apple.product-type.application";
		};
/* End PBXNativeTarget section */

/* Begin PBXProject section */
		815B426C1EC6ED8C00487C99 /* Project object */ = {
			isa = PBXProject;
			attributes = {
				LastSwiftUpdateCheck = 0830;
				LastUpgradeCheck = 0830;
				ORGANIZATIONNAME = braindump;
				TargetAttributes = {
					815B42731EC6ED8C00487C99 = {
						CreatedOnToolsVersion = 8.3.2;
						ProvisioningStyle = Automatic;
					};
				};
			};
			buildConfigurationList = 815B426F1EC6ED8C00487C99 /* Build configuration list for PBXProject "hn" */;
			compatibilityVersion = "Xcode 3.2";
			developmentRegion = English;
			hasScannedForEncodings = 0;
			knownRegions = (
				en,
				Base,
			);
			mainGroup = 815B426B1EC6ED8C00487C99;
			productRefGroup = 815B42751EC6ED8C00487C99 /* Products */;
			projectDirPath = "";
			projectRoot = "";
			targets = (
				815B42731EC6ED8C00487C99 /* hn */,
			);
		};
/* End PBXProject section */

/* Begin PBXResourcesBuildPhase section */
		815B42721EC6ED8C00487C99 /* Resources */ = {
			isa = PBXResourcesBuildPhase;
			buildActionMask = 2147483647;
			files = (
				815B427F1EC6ED8C00487C99 /* Assets.xcassets in Resources */,
			);
			runOnlyForDeploymentPostprocessing = 0;
		};
/* End PBXResourcesBuildPhase section */

/* Begin PBXShellScriptBuildPhase section */
		812126751EC7082400A4B61F /* ShellScript */ = {
			isa = PBXShellScriptBuildPhase;
			buildActionMask = 2147483647;
			files = (
			);
			inputPaths = (
				"$(SRCROOT)/Carthage/Build/iOS/ObjectMapper.framework",
			);
			outputPaths = (
			);
			runOnlyForDeploymentPostprocessing = 0;
			shellPath = /bin/sh;
			shellScript = "/usr/local/bin/carthage copy-frameworks";
		};
/* End PBXShellScriptBuildPhase section */

/* Begin PBXSourcesBuildPhase section */
		815B42701EC6ED8C00487C99 /* Sources */ = {
			isa = PBXSourcesBuildPhase;
			buildActionMask = 2147483647;
			files = (
				8118DBAC1EF504F800934BA4 /* AppAction.swift in Sources */,
				812126771EC7088D00A4B61F /* Api.swift in Sources */,
				8118DBAE1EF50DF100934BA4 /* StoryListViewController.swift in Sources */,
				815B42781EC6ED8C00487C99 /* AppDelegate.swift in Sources */,
				487A4A8E1A69D12DBF529664 /* AppReducer.swift in Sources */,
				487A42603799E2F9AC261E74 /* AppState.swift in Sources */,
				8118DBB01EF5133600934BA4 /* StoryListView.swift in Sources */,
			);
			runOnlyForDeploymentPostprocessing = 0;
		};
/* End PBXSourcesBuildPhase section */

/* Begin XCBuildConfiguration section */
		815B42841EC6ED8C00487C99 /* Debug */ = {
			isa = XCBuildConfiguration;
			buildSettings = {
				ALWAYS_SEARCH_USER_PATHS = NO;
				CLANG_ANALYZER_NONNULL = YES;
				CLANG_ANALYZER_NUMBER_OBJECT_CONVERSION = YES_AGGRESSIVE;
				CLANG_CXX_LANGUAGE_STANDARD = "gnu++0x";
				CLANG_CXX_LIBRARY = "libc++";
				CLANG_ENABLE_MODULES = YES;
				CLANG_ENABLE_OBJC_ARC = YES;
				CLANG_WARN_BOOL_CONVERSION = YES;
				CLANG_WARN_CONSTANT_CONVERSION = YES;
				CLANG_WARN_DIRECT_OBJC_ISA_USAGE = YES_ERROR;
				CLANG_WARN_DOCUMENTATION_COMMENTS = YES;
				CLANG_WARN_EMPTY_BODY = YES;
				CLANG_WARN_ENUM_CONVERSION = YES;
				CLANG_WARN_INFINITE_RECURSION = YES;
				CLANG_WARN_INT_CONVERSION = YES;
				CLANG_WARN_OBJC_ROOT_CLASS = YES_ERROR;
				CLANG_WARN_SUSPICIOUS_MOVE = YES;
				CLANG_WARN_UNREACHABLE_CODE = YES;
				CLANG_WARN__DUPLICATE_METHOD_MATCH = YES;
				"CODE_SIGN_IDENTITY[sdk=iphoneos*]" = "iPhone Developer";
				COPY_PHASE_STRIP = NO;
				DEBUG_INFORMATION_FORMAT = dwarf;
				ENABLE_STRICT_OBJC_MSGSEND = YES;
				ENABLE_TESTABILITY = YES;
				GCC_C_LANGUAGE_STANDARD = gnu99;
				GCC_DYNAMIC_NO_PIC = NO;
				GCC_NO_COMMON_BLOCKS = YES;
				GCC_OPTIMIZATION_LEVEL = 0;
				GCC_PREPROCESSOR_DEFINITIONS = (
					"DEBUG=1",
					"$(inherited)",
				);
				GCC_WARN_64_TO_32_BIT_CONVERSION = YES;
				GCC_WARN_ABOUT_RETURN_TYPE = YES_ERROR;
				GCC_WARN_UNDECLARED_SELECTOR = YES;
				GCC_WARN_UNINITIALIZED_AUTOS = YES_AGGRESSIVE;
				GCC_WARN_UNUSED_FUNCTION = YES;
				GCC_WARN_UNUSED_VARIABLE = YES;
				IPHONEOS_DEPLOYMENT_TARGET = 10.3;
				MTL_ENABLE_DEBUG_INFO = YES;
				ONLY_ACTIVE_ARCH = YES;
				SDKROOT = iphoneos;
				SWIFT_ACTIVE_COMPILATION_CONDITIONS = DEBUG;
				SWIFT_OPTIMIZATION_LEVEL = "-Onone";
				TARGETED_DEVICE_FAMILY = "1,2";
			};
			name = Debug;
		};
		815B42851EC6ED8C00487C99 /* Release */ = {
			isa = XCBuildConfiguration;
			buildSettings = {
				ALWAYS_SEARCH_USER_PATHS = NO;
				CLANG_ANALYZER_NONNULL = YES;
				CLANG_ANALYZER_NUMBER_OBJECT_CONVERSION = YES_AGGRESSIVE;
				CLANG_CXX_LANGUAGE_STANDARD = "gnu++0x";
				CLANG_CXX_LIBRARY = "libc++";
				CLANG_ENABLE_MODULES = YES;
				CLANG_ENABLE_OBJC_ARC = YES;
				CLANG_WARN_BOOL_CONVERSION = YES;
				CLANG_WARN_CONSTANT_CONVERSION = YES;
				CLANG_WARN_DIRECT_OBJC_ISA_USAGE = YES_ERROR;
				CLANG_WARN_DOCUMENTATION_COMMENTS = YES;
				CLANG_WARN_EMPTY_BODY = YES;
				CLANG_WARN_ENUM_CONVERSION = YES;
				CLANG_WARN_INFINITE_RECURSION = YES;
				CLANG_WARN_INT_CONVERSION = YES;
				CLANG_WARN_OBJC_ROOT_CLASS = YES_ERROR;
				CLANG_WARN_SUSPICIOUS_MOVE = YES;
				CLANG_WARN_UNREACHABLE_CODE = YES;
				CLANG_WARN__DUPLICATE_METHOD_MATCH = YES;
				"CODE_SIGN_IDENTITY[sdk=iphoneos*]" = "iPhone Developer";
				COPY_PHASE_STRIP = NO;
				DEBUG_INFORMATION_FORMAT = "dwarf-with-dsym";
				ENABLE_NS_ASSERTIONS = NO;
				ENABLE_STRICT_OBJC_MSGSEND = YES;
				GCC_C_LANGUAGE_STANDARD = gnu99;
				GCC_NO_COMMON_BLOCKS = YES;
				GCC_WARN_64_TO_32_BIT_CONVERSION = YES;
				GCC_WARN_ABOUT_RETURN_TYPE = YES_ERROR;
				GCC_WARN_UNDECLARED_SELECTOR = YES;
				GCC_WARN_UNINITIALIZED_AUTOS = YES_AGGRESSIVE;
				GCC_WARN_UNUSED_FUNCTION = YES;
				GCC_WARN_UNUSED_VARIABLE = YES;
				IPHONEOS_DEPLOYMENT_TARGET = 10.3;
				MTL_ENABLE_DEBUG_INFO = NO;
				SDKROOT = iphoneos;
				SWIFT_OPTIMIZATION_LEVEL = "-Owholemodule";
				TARGETED_DEVICE_FAMILY = "1,2";
				VALIDATE_PRODUCT = YES;
			};
			name = Release;
		};
		815B42871EC6ED8C00487C99 /* Debug */ = {
			isa = XCBuildConfiguration;
			buildSettings = {
				ASSETCATALOG_COMPILER_APPICON_NAME = AppIcon;
				ASSETCATALOG_COMPILER_LAUNCHIMAGE_NAME = LaunchImage;
				FRAMEWORK_SEARCH_PATHS = (
					"$(inherited)",
					"$(PROJECT_DIR)/Carthage/Build/iOS",
				);
				INFOPLIST_FILE = hn/Info.plist;
				IPHONEOS_DEPLOYMENT_TARGET = 10.3;
				LD_RUNPATH_SEARCH_PATHS = "$(inherited) @executable_path/Frameworks";
				PRODUCT_BUNDLE_IDENTIFIER = com.braindump.hn;
				PRODUCT_NAME = "$(TARGET_NAME)";
				SWIFT_VERSION = 3.0;
			};
			name = Debug;
		};
		815B42881EC6ED8C00487C99 /* Release */ = {
			isa = XCBuildConfiguration;
			buildSettings = {
				ASSETCATALOG_COMPILER_APPICON_NAME = AppIcon;
				ASSETCATALOG_COMPILER_LAUNCHIMAGE_NAME = LaunchImage;
				FRAMEWORK_SEARCH_PATHS = (
					"$(inherited)",
					"$(PROJECT_DIR)/Carthage/Build/iOS",
				);
				INFOPLIST_FILE = hn/Info.plist;
				IPHONEOS_DEPLOYMENT_TARGET = 10.3;
				LD_RUNPATH_SEARCH_PATHS = "$(inherited) @executable_path/Frameworks";
				PRODUCT_BUNDLE_IDENTIFIER = com.braindump.hn;
				PRODUCT_NAME = "$(TARGET_NAME)";
				SWIFT_VERSION = 3.0;
			};
			name = Release;
		};
/* End XCBuildConfiguration section */

/* Begin XCConfigurationList section */
		815B426F1EC6ED8C00487C99 /* Build configuration list for PBXProject "hn" */ = {
			isa = XCConfigurationList;
			buildConfigurations = (
				815B42841EC6ED8C00487C99 /* Debug */,
				815B42851EC6ED8C00487C99 /* Release */,
			);
			defaultConfigurationIsVisible = 0;
			defaultConfigurationName = Release;
		};
		815B42861EC6ED8C00487C99 /* Build configuration list for PBXNativeTarget "hn" */ = {
			isa = XCConfigurationList;
			buildConfigurations = (
				815B42871EC6ED8C00487C99 /* Debug */,
				815B42881EC6ED8C00487C99 /* Release */,
			);
			defaultConfigurationIsVisible = 0;
			defaultConfigurationName = Release;
		};
/* End XCConfigurationList section */
	};
	rootObject = 815B426C1EC6ED8C00487C99 /* Project object */;
}
